
Microsoft Visual Studio Solution File, Format Version 12.00
# Visual Studio Version 17
VisualStudioVersion = 17.7.34202.233
MinimumVisualStudioVersion = 10.0.40219.1
Project("{FAE04EC0-301F-11D3-BF4B-00C04F79EFBC}") = "aspdot web apis", "aspdot web apis.csproj", "{C93E0F7C-8ECC-4D91-9C63-C7EA0E580FD0}"
EndProject
Global
	GlobalSection(SolutionConfigurationPlatforms) = preSolution
		Debug|Any CPU = Debug|Any CPU
		Release|Any CPU = Release|Any CPU
	EndGlobalSection
	GlobalSection(ProjectConfigurationPlatforms) = postSolution
		{C93E0F7C-8ECC-4D91-9C63-C7EA0E580FD0}.Debug|Any CPU.ActiveCfg = Debug|Any CPU
		{C93E0F7C-8ECC-4D91-9C63-C7EA0E580FD0}.Debug|Any CPU.Build.0 = Debug|Any CPU
		{C93E0F7C-8ECC-4D91-9C63-C7EA0E580FD0}.Release|Any CPU.ActiveCfg = Release|Any CPU
		{C93E0F7C-8ECC-4D91-9C63-C7EA0E580FD0}.Release|Any CPU.Build.0 = Release|Any CPU
	EndGlobalSection
	GlobalSection(SolutionProperties) = preSolution
		HideSolutionNode = FALSE
	EndGlobalSection
	GlobalSection(ExtensibilityGlobals) = postSolution
		SolutionGuid = {7997F016-4C32-4FEA-87B9-F75DE8098DAB}
	EndGlobalSection
EndGlobal
